{
  "nodes": {
    "flake-utils": {
      "locked": {
        "lastModified": 1631561581,
        "narHash": "sha256-3VQMV5zvxaVLvqqUrNz3iJelLw30mIVSfZmAaauM3dA=",
        "owner": "numtide",
        "repo": "flake-utils",
        "rev": "7e5bf3925f6fbdfaf50a2a7ca0be2879c4261d19",
        "type": "github"
      },
      "original": {
        "owner": "numtide",
        "repo": "flake-utils",
        "type": "github"
      }
    },
    "home-manager": {
      "inputs": {
        "nixpkgs": [
          "nixpkgs"
        ]
      },
      "locked": {
        "lastModified": 1633097142,
        "narHash": "sha256-4fV9GkWyWw28/DBoIZBhbvoCSuzZQtcJFe5wxEpGLsI=",
        "owner": "nix-community",
        "repo": "home-manager",
        "rev": "d5151186aca3d706be73b02f47cff574cb91c641",
        "type": "github"
      },
      "original": {
        "owner": "nix-community",
        "repo": "home-manager",
        "type": "github"
      }
    },
    "nixos-hardware": {
      "locked": {
        "lastModified": 1632990363,
        "narHash": "sha256-SNqz+9Vt4yDHqw8u/CMFdzMQTulKoMlVGJdshfcb5O0=",
        "owner": "NixOS",
        "repo": "nixos-hardware",
        "rev": "0a8b8054c9920368a3c15e6d766188fdf04b736f",
        "type": "github"
      },
      "original": {
        "owner": "NixOS",
        "ref": "master",
        "repo": "nixos-hardware",
        "type": "github"
      }
    },
    "nixpkgs": {
      "locked": {
        "lastModified": 1633080050,
        "narHash": "sha256-T9I2WnlUzAIL70dk9V1jqaYk3nypy/cMkWR19S47ZHc=",
        "owner": "nixos",
        "repo": "nixpkgs",
        "rev": "82155ff501c7622cb2336646bb62f7624261f6d7",
        "type": "github"
      },
      "original": {
        "owner": "nixos",
        "ref": "nixos-unstable",
        "repo": "nixpkgs",
        "type": "github"
      }
    },
    "nixpkgsMaster": {
      "locked": {
        "lastModified": 1633211570,
        "narHash": "sha256-dkFiOfv7P/xMrIXO2/Q5S09cPBjVJxrGGzt9aoyFZmI=",
        "owner": "NixOS",
        "repo": "nixpkgs",
        "rev": "681d93ece85b69b38a796464425e69b757f5a18f",
        "type": "github"
      },
      "original": {
        "owner": "NixOS",
        "ref": "master",
        "repo": "nixpkgs",
        "type": "github"
      }
    },
    "root": {
      "inputs": {
        "flake-utils": "flake-utils",
        "home-manager": "home-manager",
        "nixos-hardware": "nixos-hardware",
        "nixpkgs": "nixpkgs",
        "nixpkgsMaster": "nixpkgsMaster"
      }
    }
  },
  "root": "root",
  "version": 7
}
